# This file is automatically @generated by Cargo.
# It is not intended for manual editing.
version = 4

[[package]]
name = "bookrack-catalog"
version = "0.1.0"

[[package]]
name = "bookrack-cli"
version = "0.1.0"

[[package]]
name = "bookrack-config"
version = "0.1.0"

[[package]]
name = "bookrack-core"
version = "0.1.0"

[[package]]
name = "bookrack-corpus"
version = "0.1.0"

[[package]]
name = "bookrack-embed"
version = "0.1.0"

[[package]]
name = "bookrack-extract"
version = "0.1.0"

[[package]]
name = "bookrack-ingest"
version = "0.1.0"

[[package]]
name = "bookrack-mcp"
version = "0.1.0"

[[package]]
name = "bookrack-normalize"
version = "0.1.0"

[[package]]
name = "bookrack-search"
version = "0.1.0"

[[package]]
name = "bookrack-vectors"
version = "0.1.0"
